# This file is generated by running "yarn install" inside your project.
# Manual changes might be lost - proceed with caution!

__metadata:
  version: 8
  cacheKey: 10c0

"calcit-calx-bench@workspace:.":
  version: 0.0.0-use.local
  resolution: "calcit-calx-bench@workspace:."
  languageName: unknown
  linkType: soft
